// !$*UTF8*$!
{
	archiveVersion = 1;
	classes = {
	};
	objectVersion = 56;
	objects = {

/* Begin PBXBuildFile section */
		669613ED2C809D420098D2C9 /* NewStore_Coding_ExerciseApp.swift in Sources */ = {isa = PBXBuildFile; fileRef = 669613EC2C809D420098D2C9 /* NewStore_Coding_ExerciseApp.swift */; };
		669613EF2C809D420098D2C9 /* ContentView.swift in Sources */ = {isa = PBXBuildFile; fileRef = 669613EE2C809D420098D2C9 /* ContentView.swift */; };
		669613F12C809D430098D2C9 /* Assets.xcassets in Resources */ = {isa = PBXBuildFile; fileRef = 669613F02C809D430098D2C9 /* Assets.xcassets */; };
		669613F42C809D430098D2C9 /* Preview Assets.xcassets in Resources */ = {isa = PBXBuildFile; fileRef = 669613F32C809D430098D2C9 /* Preview Assets.xcassets */; };
		669613FE2C809D430098D2C9 /* NewStore_Coding_ExerciseTests.swift in Sources */ = {isa = PBXBuildFile; fileRef = 669613FD2C809D430098D2C9 /* NewStore_Coding_ExerciseTests.swift */; };
		669614082C809D430098D2C9 /* NewStore_Coding_ExerciseUITests.swift in Sources */ = {isa = PBXBuildFile; fileRef = 669614072C809D430098D2C9 /* NewStore_Coding_ExerciseUITests.swift */; };
		6696140A2C809D430098D2C9 /* NewStore_Coding_ExerciseUITestsLaunchTests.swift in Sources */ = {isa = PBXBuildFile; fileRef = 669614092C809D430098D2C9 /* NewStore_Coding_ExerciseUITestsLaunchTests.swift */; };
/* End PBXBuildFile section */

/* Begin PBXContainerItemProxy section */
		669613FA2C809D430098D2C9 /* PBXContainerItemProxy */ = {
			isa = PBXContainerItemProxy;
			containerPortal = 669613E12C809D420098D2C9 /* Project object */;
			proxyType = 1;
			remoteGlobalIDString = 669613E82C809D420098D2C9;
			remoteInfo = "NewStore Coding Exercise";
		};
		669614042C809D430098D2C9 /* PBXContainerItemProxy */ = {
			isa = PBXContainerItemProxy;
			containerPortal = 669613E12C809D420098D2C9 /* Project object */;
			proxyType = 1;
			remoteGlobalIDString = 669613E82C809D420098D2C9;
			remoteInfo = "NewStore Coding Exercise";
		};
/* End PBXContainerItemProxy section */

/* Begin PBXFileReference section */
		669613E92C809D420098D2C9 /* NewStore Coding Exercise.app */ = {isa = PBXFileReference; explicitFileType = wrapper.application; includeInIndex = 0; path = "NewStore Coding Exercise.app"; sourceTree = BUILT_PRODUCTS_DIR; };
		669613EC2C809D420098D2C9 /* NewStore_Coding_ExerciseApp.swift */ = {isa = PBXFileReference; lastKnownFileType = sourcecode.swift; path = NewStore_Coding_ExerciseApp.swift; sourceTree = "<group>"; };
		669613EE2C809D420098D2C9 /* ContentView.swift */ = {isa = PBXFileReference; lastKnownFileType = sourcecode.swift; path = ContentView.swift; sourceTree = "<group>"; };
		669613F02C809D430098D2C9 /* Assets.xcassets */ = {isa = PBXFileReference; lastKnownFileType = folder.assetcatalog; path = Assets.xcassets; sourceTree = "<group>"; };
		669613F32C809D430098D2C9 /* Preview Assets.xcassets */ = {isa = PBXFileReference; lastKnownFileType = folder.assetcatalog; path = "Preview Assets.xcassets"; sourceTree = "<group>"; };
		669613F92C809D430098D2C9 /* NewStore Coding ExerciseTests.xctest */ = {isa = PBXFileReference; explicitFileType = wrapper.cfbundle; includeInIndex = 0; path = "NewStore Coding ExerciseTests.xctest"; sourceTree = BUILT_PRODUCTS_DIR; };
		669613FD2C809D430098D2C9 /* NewStore_Coding_ExerciseTests.swift */ = {isa = PBXFileReference; lastKnownFileType = sourcecode.swift; path = NewStore_Coding_ExerciseTests.swift; sourceTree = "<group>"; };
		669614032C809D430098D2C9 /* NewStore Coding ExerciseUITests.xctest */ = {isa = PBXFileReference; explicitFileType = wrapper.cfbundle; includeInIndex = 0; path = "NewStore Coding ExerciseUITests.xctest"; sourceTree = BUILT_PRODUCTS_DIR; };
		669614072C809D430098D2C9 /* NewStore_Coding_ExerciseUITests.swift */ = {isa = PBXFileReference; lastKnownFileType = sourcecode.swift; path = NewStore_Coding_ExerciseUITests.swift; sourceTree = "<group>"; };
		669614092C809D430098D2C9 /* NewStore_Coding_ExerciseUITestsLaunchTests.swift */ = {isa = PBXFileReference; lastKnownFileType = sourcecode.swift; path = NewStore_Coding_ExerciseUITestsLaunchTests.swift; sourceTree = "<group>"; };
/* End PBXFileReference section */

/* Begin PBXFrameworksBuildPhase section */
		669613E62C809D420098D2C9 /* Frameworks */ = {
			isa = PBXFrameworksBuildPhase;
			buildActionMask = 2147483647;
			files = (
			);
			runOnlyForDeploymentPostprocessing = 0;
		};
		669613F62C809D430098D2C9 /* Frameworks */ = {
			isa = PBXFrameworksBuildPhase;
			buildActionMask = 2147483647;
			files = (
			);
			runOnlyForDeploymentPostprocessing = 0;
		};
		669614002C809D430098D2C9 /* Frameworks */ = {
			isa = PBXFrameworksBuildPhase;
			buildActionMask = 2147483647;
			files = (
			);
			runOnlyForDeploymentPostprocessing = 0;
		};
/* End PBXFrameworksBuildPhase section */

/* Begin PBXGroup section */
		669613E02C809D420098D2C9 = {
			isa = PBXGroup;
			children = (
				669613EB2C809D420098D2C9 /* NewStore Coding Exercise */,
				669613FC2C809D430098D2C9 /* NewStore Coding ExerciseTests */,
				669614062C809D430098D2C9 /* NewStore Coding ExerciseUITests */,
				669613EA2C809D420098D2C9 /* Products */,
			);
			sourceTree = "<group>";
		};
		669613EA2C809D420098D2C9 /* Products */ = {
			isa = PBXGroup;
			children = (
				669613E92C809D420098D2C9 /* NewStore Coding Exercise.app */,
				669613F92C809D430098D2C9 /* NewStore Coding ExerciseTests.xctest */,
				669614032C809D430098D2C9 /* NewStore Coding ExerciseUITests.xctest */,
			);
			name = Products;
			sourceTree = "<group>";
		};
		669613EB2C809D420098D2C9 /* NewStore Coding Exercise */ = {
			isa = PBXGroup;
			children = (
				669613EC2C809D420098D2C9 /* NewStore_Coding_ExerciseApp.swift */,
				669613EE2C809D420098D2C9 /* ContentView.swift */,
				669613F02C809D430098D2C9 /* Assets.xcassets */,
				669613F22C809D430098D2C9 /* Preview Content */,
			);
			path = "NewStore Coding Exercise";
			sourceTree = "<group>";
		};
		669613F22C809D430098D2C9 /* Preview Content */ = {
			isa = PBXGroup;
			children = (
				669613F32C809D430098D2C9 /* Preview Assets.xcassets */,
			);
			path = "Preview Content";
			sourceTree = "<group>";
		};
		669613FC2C809D430098D2C9 /* NewStore Coding ExerciseTests */ = {
			isa = PBXGroup;
			children = (
				669613FD2C809D430098D2C9 /* NewStore_Coding_ExerciseTests.swift */,
			);
			path = "NewStore Coding ExerciseTests";
			sourceTree = "<group>";
		};
		669614062C809D430098D2C9 /* NewStore Coding ExerciseUITests */ = {
			isa = PBXGroup;
			children = (
				669614072C809D430098D2C9 /* NewStore_Coding_ExerciseUITests.swift */,
				669614092C809D430098D2C9 /* NewStore_Coding_ExerciseUITestsLaunchTests.swift */,
			);
			path = "NewStore Coding ExerciseUITests";
			sourceTree = "<group>";
		};
/* End PBXGroup section */

/* Begin PBXNativeTarget section */
		669613E82C809D420098D2C9 /* NewStore Coding Exercise */ = {
			isa = PBXNativeTarget;
			buildConfigurationList = 6696140D2C809D430098D2C9 /* Build configuration list for PBXNativeTarget "NewStore Coding Exercise" */;
			buildPhases = (
				669613E52C809D420098D2C9 /* Sources */,
				669613E62C809D420098D2C9 /* Frameworks */,
				669613E72C809D420098D2C9 /* Resources */,
			);
			buildRules = (
			);
			dependencies = (
			);
			name = "NewStore Coding Exercise";
			productName = "NewStore Coding Exercise";
			productReference = 669613E92C809D420098D2C9 /* NewStore Coding Exercise.app */;
			productType = "com.apple.product-type.application";
		};
		669613F82C809D430098D2C9 /* NewStore Coding ExerciseTests */ = {
			isa = PBXNativeTarget;
			buildConfigurationList = 669614102C809D430098D2C9 /* Build configuration list for PBXNativeTarget "NewStore Coding ExerciseTests" */;
			buildPhases = (
				669613F52C809D430098D2C9 /* Sources */,
				669613F62C809D430098D2C9 /* Frameworks */,
				669613F72C809D430098D2C9 /* Resources */,
			);
			buildRules = (
			);
			dependencies = (
				669613FB2C809D430098D2C9 /* PBXTargetDependency */,
			);
			name = "NewStore Coding ExerciseTests";
			productName = "NewStore Coding ExerciseTests";
			productReference = 669613F92C809D430098D2C9 /* NewStore Coding ExerciseTests.xctest */;
			productType = "com.apple.product-type.bundle.unit-test";
		};
		669614022C809D430098D2C9 /* NewStore Coding ExerciseUITests */ = {
			isa = PBXNativeTarget;
			buildConfigurationList = 669614132C809D430098D2C9 /* Build configuration list for PBXNativeTarget "NewStore Coding ExerciseUITests" */;
			buildPhases = (
				669613FF2C809D430098D2C9 /* Sources */,
				669614002C809D430098D2C9 /* Frameworks */,
				669614012C809D430098D2C9 /* Resources */,
			);
			buildRules = (
			);
			dependencies = (
				669614052C809D430098D2C9 /* PBXTargetDependency */,
			);
			name = "NewStore Coding ExerciseUITests";
			productName = "NewStore Coding ExerciseUITests";
			productReference = 669614032C809D430098D2C9 /* NewStore Coding ExerciseUITests.xctest */;
			productType = "com.apple.product-type.bundle.ui-testing";
		};
/* End PBXNativeTarget section */

/* Begin PBXProject section */
		669613E12C809D420098D2C9 /* Project object */ = {
			isa = PBXProject;
			attributes = {
				BuildIndependentTargetsInParallel = 1;
				LastSwiftUpdateCheck = 1540;
				LastUpgradeCheck = 1540;
				TargetAttributes = {
					669613E82C809D420098D2C9 = {
						CreatedOnToolsVersion = 15.4;
					};
					669613F82C809D430098D2C9 = {
						CreatedOnToolsVersion = 15.4;
						TestTargetID = 669613E82C809D420098D2C9;
					};
					669614022C809D430098D2C9 = {
						CreatedOnToolsVersion = 15.4;
						TestTargetID = 669613E82C809D420098D2C9;
					};
				};
			};
			buildConfigurationList = 669613E42C809D420098D2C9 /* Build configuration list for PBXProject "NewStore Coding Exercise" */;
			compatibilityVersion = "Xcode 14.0";
			developmentRegion = en;
			hasScannedForEncodings = 0;
			knownRegions = (
				en,
				Base,
			);
			mainGroup = 669613E02C809D420098D2C9;
			productRefGroup = 669613EA2C809D420098D2C9 /* Products */;
			projectDirPath = "";
			projectRoot = "";
			targets = (
				669613E82C809D420098D2C9 /* NewStore Coding Exercise */,
				669613F82C809D430098D2C9 /* NewStore Coding ExerciseTests */,
				669614022C809D430098D2C9 /* NewStore Coding ExerciseUITests */,
			);
		};
/* End PBXProject section */

/* Begin PBXResourcesBuildPhase section */
		669613E72C809D420098D2C9 /* Resources */ = {
			isa = PBXResourcesBuildPhase;
			buildActionMask = 2147483647;
			files = (
				669613F42C809D430098D2C9 /* Preview Assets.xcassets in Resources */,
				669613F12C809D430098D2C9 /* Assets.xcassets in Resources */,
			);
			runOnlyForDeploymentPostprocessing = 0;
		};
		669613F72C809D430098D2C9 /* Resources */ = {
			isa = PBXResourcesBuildPhase;
			buildActionMask = 2147483647;
			files = (
			);
			runOnlyForDeploymentPostprocessing = 0;
		};
		669614012C809D430098D2C9 /* Resources */ = {
			isa = PBXResourcesBuildPhase;
			buildActionMask = 2147483647;
			files = (
			);
			runOnlyForDeploymentPostprocessing = 0;
		};
/* End PBXResourcesBuildPhase section */

/* Begin PBXSourcesBuildPhase section */
		669613E52C809D420098D2C9 /* Sources */ = {
			isa = PBXSourcesBuildPhase;
			buildActionMask = 2147483647;
			files = (
				669613EF2C809D420098D2C9 /* ContentView.swift in Sources */,
				669613ED2C809D420098D2C9 /* NewStore_Coding_ExerciseApp.swift in Sources */,
			);
			runOnlyForDeploymentPostprocessing = 0;
		};
		669613F52C809D430098D2C9 /* Sources */ = {
			isa = PBXSourcesBuildPhase;
			buildActionMask = 2147483647;
			files = (
				669613FE2C809D430098D2C9 /* NewStore_Coding_ExerciseTests.swift in Sources */,
			);
			runOnlyForDeploymentPostprocessing = 0;
		};
		669613FF2C809D430098D2C9 /* Sources */ = {
			isa = PBXSourcesBuildPhase;
			buildActionMask = 2147483647;
			files = (
				669614082C809D430098D2C9 /* NewStore_Coding_ExerciseUITests.swift in Sources */,
				6696140A2C809D430098D2C9 /* NewStore_Coding_ExerciseUITestsLaunchTests.swift in Sources */,
			);
			runOnlyForDeploymentPostprocessing = 0;
		};
/* End PBXSourcesBuildPhase section */

/* Begin PBXTargetDependency section */
		669613FB2C809D430098D2C9 /* PBXTargetDependency */ = {
			isa = PBXTargetDependency;
			target = 669613E82C809D420098D2C9 /* NewStore Coding Exercise */;
			targetProxy = 669613FA2C809D430098D2C9 /* PBXContainerItemProxy */;
		};
		669614052C809D430098D2C9 /* PBXTargetDependency */ = {
			isa = PBXTargetDependency;
			target = 669613E82C809D420098D2C9 /* NewStore Coding Exercise */;
			targetProxy = 669614042C809D430098D2C9 /* PBXContainerItemProxy */;
		};
/* End PBXTargetDependency section */

/* Begin XCBuildConfiguration section */
		6696140B2C809D430098D2C9 /* Debug */ = {
			isa = XCBuildConfiguration;
			buildSettings = {
				ALWAYS_SEARCH_USER_PATHS = NO;
				ASSETCATALOG_COMPILER_GENERATE_SWIFT_ASSET_SYMBOL_EXTENSIONS = YES;
				CLANG_ANALYZER_NONNULL = YES;
				CLANG_ANALYZER_NUMBER_OBJECT_CONVERSION = YES_AGGRESSIVE;
				CLANG_CXX_LANGUAGE_STANDARD = "gnu++20";
				CLANG_ENABLE_MODULES = YES;
				CLANG_ENABLE_OBJC_ARC = YES;
				CLANG_ENABLE_OBJC_WEAK = YES;
				CLANG_WARN_BLOCK_CAPTURE_AUTORELEASING = YES;
				CLANG_WARN_BOOL_CONVERSION = YES;
				CLANG_WARN_COMMA = YES;
				CLANG_WARN_CONSTANT_CONVERSION = YES;
				CLANG_WARN_DEPRECATED_OBJC_IMPLEMENTATIONS = YES;
				CLANG_WARN_DIRECT_OBJC_ISA_USAGE = YES_ERROR;
				CLANG_WARN_DOCUMENTATION_COMMENTS = YES;
				CLANG_WARN_EMPTY_BODY = YES;
				CLANG_WARN_ENUM_CONVERSION = YES;
				CLANG_WARN_INFINITE_RECURSION = YES;
				CLANG_WARN_INT_CONVERSION = YES;
				CLANG_WARN_NON_LITERAL_NULL_CONVERSION = YES;
				CLANG_WARN_OBJC_IMPLICIT_RETAIN_SELF = YES;
				CLANG_WARN_OBJC_LITERAL_CONVERSION = YES;
				CLANG_WARN_OBJC_ROOT_CLASS = YES_ERROR;
				CLANG_WARN_QUOTED_INCLUDE_IN_FRAMEWORK_HEADER = YES;
				CLANG_WARN_RANGE_LOOP_ANALYSIS = YES;
				CLANG_WARN_STRICT_PROTOTYPES = YES;
				CLANG_WARN_SUSPICIOUS_MOVE = YES;
				CLANG_WARN_UNGUARDED_AVAILABILITY = YES_AGGRESSIVE;
				CLANG_WARN_UNREACHABLE_CODE = YES;
				CLANG_WARN__DUPLICATE_METHOD_MATCH = YES;
				COPY_PHASE_STRIP = NO;
				DEBUG_INFORMATION_FORMAT = dwarf;
				ENABLE_STRICT_OBJC_MSGSEND = YES;
				ENABLE_TESTABILITY = YES;
				ENABLE_USER_SCRIPT_SANDBOXING = YES;
				GCC_C_LANGUAGE_STANDARD = gnu17;
				GCC_DYNAMIC_NO_PIC = NO;
				GCC_NO_COMMON_BLOCKS = YES;
				GCC_OPTIMIZATION_LEVEL = 0;
				GCC_PREPROCESSOR_DEFINITIONS = (
					"DEBUG=1",
					"$(inherited)",
				);
				GCC_WARN_64_TO_32_BIT_CONVERSION = YES;
				GCC_WARN_ABOUT_RETURN_TYPE = YES_ERROR;
				GCC_WARN_UNDECLARED_SELECTOR = YES;
				GCC_WARN_UNINITIALIZED_AUTOS = YES_AGGRESSIVE;
				GCC_WARN_UNUSED_FUNCTION = YES;
				GCC_WARN_UNUSED_VARIABLE = YES;
				IPHONEOS_DEPLOYMENT_TARGET = 17.5;
				LOCALIZATION_PREFERS_STRING_CATALOGS = YES;
				MTL_ENABLE_DEBUG_INFO = INCLUDE_SOURCE;
				MTL_FAST_MATH = YES;
				ONLY_ACTIVE_ARCH = YES;
				SDKROOT = iphoneos;
				SWIFT_ACTIVE_COMPILATION_CONDITIONS = "DEBUG $(inherited)";
				SWIFT_OPTIMIZATION_LEVEL = "-Onone";
			};
			name = Debug;
		};
		6696140C2C809D430098D2C9 /* Release */ = {
			isa = XCBuildConfiguration;
			buildSettings = {
				ALWAYS_SEARCH_USER_PATHS = NO;
				ASSETCATALOG_COMPILER_GENERATE_SWIFT_ASSET_SYMBOL_EXTENSIONS = YES;
				CLANG_ANALYZER_NONNULL = YES;
				CLANG_ANALYZER_NUMBER_OBJECT_CONVERSION = YES_AGGRESSIVE;
				CLANG_CXX_LANGUAGE_STANDARD = "gnu++20";
				CLANG_ENABLE_MODULES = YES;
				CLANG_ENABLE_OBJC_ARC = YES;
				CLANG_ENABLE_OBJC_WEAK = YES;
				CLANG_WARN_BLOCK_CAPTURE_AUTORELEASING = YES;
				CLANG_WARN_BOOL_CONVERSION = YES;
				CLANG_WARN_COMMA = YES;
				CLANG_WARN_CONSTANT_CONVERSION = YES;
				CLANG_WARN_DEPRECATED_OBJC_IMPLEMENTATIONS = YES;
				CLANG_WARN_DIRECT_OBJC_ISA_USAGE = YES_ERROR;
				CLANG_WARN_DOCUMENTATION_COMMENTS = YES;
				CLANG_WARN_EMPTY_BODY = YES;
				CLANG_WARN_ENUM_CONVERSION = YES;
				CLANG_WARN_INFINITE_RECURSION = YES;
				CLANG_WARN_INT_CONVERSION = YES;
				CLANG_WARN_NON_LITERAL_NULL_CONVERSION = YES;
				CLANG_WARN_OBJC_IMPLICIT_RETAIN_SELF = YES;
				CLANG_WARN_OBJC_LITERAL_CONVERSION = YES;
				CLANG_WARN_OBJC_ROOT_CLASS = YES_ERROR;
				CLANG_WARN_QUOTED_INCLUDE_IN_FRAMEWORK_HEADER = YES;
				CLANG_WARN_RANGE_LOOP_ANALYSIS = YES;
				CLANG_WARN_STRICT_PROTOTYPES = YES;
				CLANG_WARN_SUSPICIOUS_MOVE = YES;
				CLANG_WARN_UNGUARDED_AVAILABILITY = YES_AGGRESSIVE;
				CLANG_WARN_UNREACHABLE_CODE = YES;
				CLANG_WARN__DUPLICATE_METHOD_MATCH = YES;
				COPY_PHASE_STRIP = NO;
				DEBUG_INFORMATION_FORMAT = "dwarf-with-dsym";
				ENABLE_NS_ASSERTIONS = NO;
				ENABLE_STRICT_OBJC_MSGSEND = YES;
				ENABLE_USER_SCRIPT_SANDBOXING = YES;
				GCC_C_LANGUAGE_STANDARD = gnu17;
				GCC_NO_COMMON_BLOCKS = YES;
				GCC_WARN_64_TO_32_BIT_CONVERSION = YES;
				GCC_WARN_ABOUT_RETURN_TYPE = YES_ERROR;
				GCC_WARN_UNDECLARED_SELECTOR = YES;
				GCC_WARN_UNINITIALIZED_AUTOS = YES_AGGRESSIVE;
				GCC_WARN_UNUSED_FUNCTION = YES;
				GCC_WARN_UNUSED_VARIABLE = YES;
				IPHONEOS_DEPLOYMENT_TARGET = 17.5;
				LOCALIZATION_PREFERS_STRING_CATALOGS = YES;
				MTL_ENABLE_DEBUG_INFO = NO;
				MTL_FAST_MATH = YES;
				SDKROOT = iphoneos;
				SWIFT_COMPILATION_MODE = wholemodule;
				VALIDATE_PRODUCT = YES;
			};
			name = Release;
		};
		6696140E2C809D430098D2C9 /* Debug */ = {
			isa = XCBuildConfiguration;
			buildSettings = {
				ASSETCATALOG_COMPILER_APPICON_NAME = AppIcon;
				ASSETCATALOG_COMPILER_GLOBAL_ACCENT_COLOR_NAME = AccentColor;
				CODE_SIGN_STYLE = Automatic;
				CURRENT_PROJECT_VERSION = 1;
				DEVELOPMENT_ASSET_PATHS = "\"NewStore Coding Exercise/Preview Content\"";
				ENABLE_PREVIEWS = YES;
				GENERATE_INFOPLIST_FILE = YES;
				INFOPLIST_KEY_UIApplicationSceneManifest_Generation = YES;
				INFOPLIST_KEY_UIApplicationSupportsIndirectInputEvents = YES;
				INFOPLIST_KEY_UILaunchScreen_Generation = YES;
				INFOPLIST_KEY_UISupportedInterfaceOrientations_iPad = "UIInterfaceOrientationPortrait UIInterfaceOrientationPortraitUpsideDown UIInterfaceOrientationLandscapeLeft UIInterfaceOrientationLandscapeRight";
				INFOPLIST_KEY_UISupportedInterfaceOrientations_iPhone = "UIInterfaceOrientationPortrait UIInterfaceOrientationLandscapeLeft UIInterfaceOrientationLandscapeRight";
				LD_RUNPATH_SEARCH_PATHS = (
					"$(inherited)",
					"@executable_path/Frameworks",
				);
				MARKETING_VERSION = 1.0;
				PRODUCT_BUNDLE_IDENTIFIER = "com.newstore.NewStore-Coding-Exercise";
				PRODUCT_NAME = "$(TARGET_NAME)";
				SWIFT_EMIT_LOC_STRINGS = YES;
				SWIFT_VERSION = 5.0;
				TARGETED_DEVICE_FAMILY = "1,2";
			};
			name = Debug;
		};
		6696140F2C809D430098D2C9 /* Release */ = {
			isa = XCBuildConfiguration;
			buildSettings = {
				ASSETCATALOG_COMPILER_APPICON_NAME = AppIcon;
				ASSETCATALOG_COMPILER_GLOBAL_ACCENT_COLOR_NAME = AccentColor;
				CODE_SIGN_STYLE = Automatic;
				CURRENT_PROJECT_VERSION = 1;
				DEVELOPMENT_ASSET_PATHS = "\"NewStore Coding Exercise/Preview Content\"";
				ENABLE_PREVIEWS = YES;
				GENERATE_INFOPLIST_FILE = YES;
				INFOPLIST_KEY_UIApplicationSceneManifest_Generation = YES;
				INFOPLIST_KEY_UIApplicationSupportsIndirectInputEvents = YES;
				INFOPLIST_KEY_UILaunchScreen_Generation = YES;
				INFOPLIST_KEY_UISupportedInterfaceOrientations_iPad = "UIInterfaceOrientationPortrait UIInterfaceOrientationPortraitUpsideDown UIInterfaceOrientationLandscapeLeft UIInterfaceOrientationLandscapeRight";
				INFOPLIST_KEY_UISupportedInterfaceOrientations_iPhone = "UIInterfaceOrientationPortrait UIInterfaceOrientationLandscapeLeft UIInterfaceOrientationLandscapeRight";
				LD_RUNPATH_SEARCH_PATHS = (
					"$(inherited)",
					"@executable_path/Frameworks",
				);
				MARKETING_VERSION = 1.0;
				PRODUCT_BUNDLE_IDENTIFIER = "com.newstore.NewStore-Coding-Exercise";
				PRODUCT_NAME = "$(TARGET_NAME)";
				SWIFT_EMIT_LOC_STRINGS = YES;
				SWIFT_VERSION = 5.0;
				TARGETED_DEVICE_FAMILY = "1,2";
			};
			name = Release;
		};
		669614112C809D430098D2C9 /* Debug */ = {
			isa = XCBuildConfiguration;
			buildSettings = {
				ALWAYS_EMBED_SWIFT_STANDARD_LIBRARIES = YES;
				BUNDLE_LOADER = "$(TEST_HOST)";
				CODE_SIGN_STYLE = Automatic;
				CURRENT_PROJECT_VERSION = 1;
				GENERATE_INFOPLIST_FILE = YES;
				IPHONEOS_DEPLOYMENT_TARGET = 17.5;
				MARKETING_VERSION = 1.0;
				PRODUCT_BUNDLE_IDENTIFIER = "com.newstore.NewStore-Coding-ExerciseTests";
				PRODUCT_NAME = "$(TARGET_NAME)";
				SWIFT_EMIT_LOC_STRINGS = NO;
				SWIFT_VERSION = 5.0;
				TARGETED_DEVICE_FAMILY = "1,2";
				TEST_HOST = "$(BUILT_PRODUCTS_DIR)/NewStore Coding Exercise.app/$(BUNDLE_EXECUTABLE_FOLDER_PATH)/NewStore Coding Exercise";
			};
			name = Debug;
		};
		669614122C809D430098D2C9 /* Release */ = {
			isa = XCBuildConfiguration;
			buildSettings = {
				ALWAYS_EMBED_SWIFT_STANDARD_LIBRARIES = YES;
				BUNDLE_LOADER = "$(TEST_HOST)";
				CODE_SIGN_STYLE = Automatic;
				CURRENT_PROJECT_VERSION = 1;
				GENERATE_INFOPLIST_FILE = YES;
				IPHONEOS_DEPLOYMENT_TARGET = 17.5;
				MARKETING_VERSION = 1.0;
				PRODUCT_BUNDLE_IDENTIFIER = "com.newstore.NewStore-Coding-ExerciseTests";
				PRODUCT_NAME = "$(TARGET_NAME)";
				SWIFT_EMIT_LOC_STRINGS = NO;
				SWIFT_VERSION = 5.0;
				TARGETED_DEVICE_FAMILY = "1,2";
				TEST_HOST = "$(BUILT_PRODUCTS_DIR)/NewStore Coding Exercise.app/$(BUNDLE_EXECUTABLE_FOLDER_PATH)/NewStore Coding Exercise";
			};
			name = Release;
		};
		669614142C809D430098D2C9 /* Debug */ = {
			isa = XCBuildConfiguration;
			buildSettings = {
				ALWAYS_EMBED_SWIFT_STANDARD_LIBRARIES = YES;
				CODE_SIGN_STYLE = Automatic;
				CURRENT_PROJECT_VERSION = 1;
				GENERATE_INFOPLIST_FILE = YES;
				MARKETING_VERSION = 1.0;
				PRODUCT_BUNDLE_IDENTIFIER = "com.newstore.NewStore-Coding-ExerciseUITests";
				PRODUCT_NAME = "$(TARGET_NAME)";
				SWIFT_EMIT_LOC_STRINGS = NO;
				SWIFT_VERSION = 5.0;
				TARGETED_DEVICE_FAMILY = "1,2";
				TEST_TARGET_NAME = "NewStore Coding Exercise";
			};
			name = Debug;
		};
		669614152C809D430098D2C9 /* Release */ = {
			isa = XCBuildConfiguration;
			buildSettings = {
				ALWAYS_EMBED_SWIFT_STANDARD_LIBRARIES = YES;
				CODE_SIGN_STYLE = Automatic;
				CURRENT_PROJECT_VERSION = 1;
				GENERATE_INFOPLIST_FILE = YES;
				MARKETING_VERSION = 1.0;
				PRODUCT_BUNDLE_IDENTIFIER = "com.newstore.NewStore-Coding-ExerciseUITests";
				PRODUCT_NAME = "$(TARGET_NAME)";
				SWIFT_EMIT_LOC_STRINGS = NO;
				SWIFT_VERSION = 5.0;
				TARGETED_DEVICE_FAMILY = "1,2";
				TEST_TARGET_NAME = "NewStore Coding Exercise";
			};
			name = Release;
		};
/* End XCBuildConfiguration section */

/* Begin XCConfigurationList section */
		669613E42C809D420098D2C9 /* Build configuration list for PBXProject "NewStore Coding Exercise" */ = {
			isa = XCConfigurationList;
			buildConfigurations = (
				6696140B2C809D430098D2C9 /* Debug */,
				6696140C2C809D430098D2C9 /* Release */,
			);
			defaultConfigurationIsVisible = 0;
			defaultConfigurationName = Release;
		};
		6696140D2C809D430098D2C9 /* Build configuration list for PBXNativeTarget "NewStore Coding Exercise" */ = {
			isa = XCConfigurationList;
			buildConfigurations = (
				6696140E2C809D430098D2C9 /* Debug */,
				6696140F2C809D430098D2C9 /* Release */,
			);
			defaultConfigurationIsVisible = 0;
			defaultConfigurationName = Release;
		};
		669614102C809D430098D2C9 /* Build configuration list for PBXNativeTarget "NewStore Coding ExerciseTests" */ = {
			isa = XCConfigurationList;
			buildConfigurations = (
				669614112C809D430098D2C9 /* Debug */,
				669614122C809D430098D2C9 /* Release */,
			);
			defaultConfigurationIsVisible = 0;
			defaultConfigurationName = Release;
		};
		669614132C809D430098D2C9 /* Build configuration list for PBXNativeTarget "NewStore Coding ExerciseUITests" */ = {
			isa = XCConfigurationList;
			buildConfigurations = (
				669614142C809D430098D2C9 /* Debug */,
				669614152C809D430098D2C9 /* Release */,
			);
			defaultConfigurationIsVisible = 0;
			defaultConfigurationName = Release;
		};
/* End XCConfigurationList section */
	};
	rootObject = 669613E12C809D420098D2C9 /* Project object */;
}
